{
    "_meta": {
        "hash": {
            "sha256": "33988af598355992c27025e3b3b538fe66974818d1dbb2f1af10ecc393a6a420"
        },
        "requires": {},
        "sources": [
            {
                "url": "https://pypi.python.org/simple",
                "verify_ssl": true
            }
        ]
    },
    "default": {
        "django": {
            "version": "==2.0.2"
        },
        "pytz": {
            "version": "==2017.3"
        }
    },
    "develop": {
        "attrs": {
            "version": "==17.4.0"
        },
        "coverage": {
            "version": "==4.5"
        },
        "flake8": {
            "version": "==3.5.0"
        },
        "mccabe": {
            "version": "==0.6.1"
        },
        "pluggy": {
            "version": "==0.6.0"
        },
        "py": {
            "version": "==1.5.2"
        },
        "pycodestyle": {
            "version": "==2.3.1"
        },
        "pyflakes": {
            "version": "==1.6.0"
        },
        "pytest": {
            "version": "==3.4.0"
        },
        "pytest-cov": {
            "version": "==2.5.1"
        },
        "pytest-django": {
            "version": "==3.1.2"
        },
        "pytest-sugar": {
            "version": "==0.9.1"
        },
        "setuptools": {
            "version": "==38.5.1"
        },
        "six": {
            "version": "==1.11.0"
        },
        "termcolor": {
            "version": "==1.1.0"
        },
        "tox": {
            "version": "==2.9.1"
        },
        "virtualenv": {
            "version": "==15.1.0"
        }
    }
}
